
Microsoft Visual Studio Solution File, Format Version 12.00
# Visual Studio Version 17
VisualStudioVersion = 17.8.34322.80
MinimumVisualStudioVersion = 10.0.40219.1
Project("{FAE04EC0-301F-11D3-BF4B-00C04F79EFBC}") = "Lub_13", "Lub_13\Lub_13.csproj", "{AA50E572-9028-4A6E-A91D-9B264E53DDD4}"
EndProject
Project("{FAE04EC0-301F-11D3-BF4B-00C04F79EFBC}") = "Lub_14", "Lub_14\Lub_14.csproj", "{AF888646-F100-4BEF-B131-782BCFFFD1E3}"
EndProject
Global
	GlobalSection(SolutionConfigurationPlatforms) = preSolution
		Debug|Any CPU = Debug|Any CPU
		Release|Any CPU = Release|Any CPU
	EndGlobalSection
	GlobalSection(ProjectConfigurationPlatforms) = postSolution
		{AA50E572-9028-4A6E-A91D-9B264E53DDD4}.Debug|Any CPU.ActiveCfg = Debug|Any CPU
		{AA50E572-9028-4A6E-A91D-9B264E53DDD4}.Debug|Any CPU.Build.0 = Debug|Any CPU
		{AA50E572-9028-4A6E-A91D-9B264E53DDD4}.Release|Any CPU.ActiveCfg = Release|Any CPU
		{AA50E572-9028-4A6E-A91D-9B264E53DDD4}.Release|Any CPU.Build.0 = Release|Any CPU
		{AF888646-F100-4BEF-B131-782BCFFFD1E3}.Debug|Any CPU.ActiveCfg = Debug|Any CPU
		{AF888646-F100-4BEF-B131-782BCFFFD1E3}.Debug|Any CPU.Build.0 = Debug|Any CPU
		{AF888646-F100-4BEF-B131-782BCFFFD1E3}.Release|Any CPU.ActiveCfg = Release|Any CPU
		{AF888646-F100-4BEF-B131-782BCFFFD1E3}.Release|Any CPU.Build.0 = Release|Any CPU
	EndGlobalSection
	GlobalSection(SolutionProperties) = preSolution
		HideSolutionNode = FALSE
	EndGlobalSection
	GlobalSection(ExtensibilityGlobals) = postSolution
		SolutionGuid = {9C6FFC6E-EF15-4F5C-A3B9-AA3A9C30DC73}
	EndGlobalSection
EndGlobal
